{
	"name": "@joelek/ts-serveit",
	"version": "1.1.0",
	"lockfileVersion": 1,
	"requires": true,
	"dependencies": {
		"@joelek/ts-autoguard": {
			"version": "github:joelek/ts-autoguard#1871ac2b5c8d1118bdbcb82242ee210a21debb8c",
			"from": "github:joelek/ts-autoguard#semver:^5",
			"requires": {
				"@joelek/ts-stdlib": "github:joelek/ts-stdlib#semver:^1"
			}
		},
		"@joelek/ts-stdlib": {
			"version": "github:joelek/ts-stdlib#209ab85ce805bef1bb41be7225f6292f9a8ca46d",
			"from": "github:joelek/ts-stdlib#semver:^1"
		},
		"@types/node": {
			"version": "14.17.4",
			"resolved": "https://registry.npmjs.org/@types/node/-/node-14.17.4.tgz",
			"integrity": "sha512-8kQ3+wKGRNN0ghtEn7EGps/B8CzuBz1nXZEIGGLP2GnwbqYn4dbTs7k+VKLTq1HvZLRCIDtN3Snx1Ege8B7L5A==",
			"dev": true
		},
		"typescript": {
			"version": "4.3.4",
			"resolved": "https://registry.npmjs.org/typescript/-/typescript-4.3.4.tgz",
			"integrity": "sha512-uauPG7XZn9F/mo+7MrsRjyvbxFpzemRjKEZXS4AK83oP2KKOJPvb+9cO/gmnv8arWZvhnjVOXz7B49m1l0e9Ew==",
			"dev": true
		}
	}
}
