{
	"name": "@joelek/nexus",
	"version": "2.4.4",
	"lockfileVersion": 3,
	"requires": true,
	"packages": {
		"": {
			"name": "@joelek/nexus",
			"version": "2.4.4",
			"license": "MIT",
			"dependencies": {
				"@joelek/autoguard": "github:joelek/autoguard#semver:^5.16",
				"@joelek/multipass": "github:joelek/multipass#semver:^1.1"
			},
			"bin": {
				"nexus": "dist/cli/index.bundle.js"
			},
			"devDependencies": {
				"@joelek/tsb": "github:joelek/tsb#semver:^1.3",
				"@joelek/wtf": "github:joelek/wtf#semver:^1.4",
				"@types/node": "^22",
				"typescript": "^4.0"
			}
		},
		"node_modules/@joelek/autoguard": {
			"version": "5.16.1",
			"resolved": "git+ssh://git@github.com/joelek/autoguard.git#97a4eb20c4f6a7c9f87800956e8128033a7736ca",
			"license": "MIT",
			"dependencies": {
				"@joelek/bedrock": "github:joelek/bedrock#semver:^1.1",
				"@joelek/stdlib": "github:joelek/stdlib#semver:^1.0"
			},
			"bin": {
				"autoguard": "dist/cli/index.js"
			}
		},
		"node_modules/@joelek/bedrock": {
			"version": "1.1.0",
			"resolved": "git+ssh://git@github.com/joelek/bedrock.git#9770cf6229e8f2b65e0faed888b435fba9bf396d",
			"license": "MIT",
			"dependencies": {
				"@joelek/stdlib": "github:joelek/stdlib#semver:^1.3"
			}
		},
		"node_modules/@joelek/multipass": {
			"version": "1.2.5",
			"resolved": "git+ssh://git@github.com/joelek/multipass.git#20c9dae237865ed034bd4532852a0026b1e58fea",
			"license": "MIT",
			"dependencies": {
				"@joelek/autoguard": "github:joelek/autoguard#semver:^5.11"
			},
			"bin": {
				"multipass": "dist/cli/index.bundle.js"
			}
		},
		"node_modules/@joelek/stdlib": {
			"version": "1.6.0",
			"resolved": "git+ssh://git@github.com/joelek/stdlib.git#42147a385b38bd82207d44ebf13259ae48678790",
			"license": "MIT"
		},
		"node_modules/@joelek/tsb": {
			"version": "1.4.4",
			"resolved": "git+ssh://git@github.com/joelek/tsb.git#03529fc53ecb3a5737b1f7e5b75537ab4e869b82",
			"dev": true,
			"license": "MIT",
			"dependencies": {
				"typescript": "^4.0"
			},
			"bin": {
				"tsb": "dist/cli.js"
			}
		},
		"node_modules/@joelek/wtf": {
			"version": "1.4.1",
			"resolved": "git+ssh://git@github.com/joelek/wtf.git#e8ec7b033a5a6af87d945dbf806a47e836d18cb8",
			"dev": true,
			"license": "MIT",
			"dependencies": {
				"@types/node": "^16.7"
			},
			"bin": {
				"wtf": "dist/cli/index.js"
			}
		},
		"node_modules/@joelek/wtf/node_modules/@types/node": {
			"version": "16.18.126",
			"resolved": "https://registry.npmjs.org/@types/node/-/node-16.18.126.tgz",
			"integrity": "sha512-OTcgaiwfGFBKacvfwuHzzn1KLxH/er8mluiy8/uM3sGXHaRe73RrSIj01jow9t4kJEW633Ov+cOexXeiApTyAw==",
			"dev": true,
			"license": "MIT"
		},
		"node_modules/@types/node": {
			"version": "22.19.21",
			"resolved": "https://registry.npmjs.org/@types/node/-/node-22.19.21.tgz",
			"integrity": "sha512-VMeFBSCKQKmm2swI2kW51SFusDqekC6q9trBCvJ/JliDchFSuoYYKN7yVNjPthP1HKZcx3U1gI/wTcEBjEFKTA==",
			"dev": true,
			"license": "MIT",
			"dependencies": {
				"undici-types": "~6.21.0"
			}
		},
		"node_modules/typescript": {
			"version": "4.9.5",
			"resolved": "https://registry.npmjs.org/typescript/-/typescript-4.9.5.tgz",
			"integrity": "sha512-1FXk9E2Hm+QzZQ7z+McJiHL4NW1F2EzMu9Nq9i3zAaGqibafqYwCVU6WyWAuyQRRzOlxou8xZSyXLEN8oKj24g==",
			"dev": true,
			"license": "Apache-2.0",
			"bin": {
				"tsc": "bin/tsc",
				"tsserver": "bin/tsserver"
			},
			"engines": {
				"node": ">=4.2.0"
			}
		},
		"node_modules/undici-types": {
			"version": "6.21.0",
			"resolved": "https://registry.npmjs.org/undici-types/-/undici-types-6.21.0.tgz",
			"integrity": "sha512-iwDZqg0QAGrg9Rav5H4n0M64c3mkR59cJ6wQp+7C4nI0gsmExaedaYLNO44eT4AtBBwjbTiGPMlt2Md0T9H9JQ==",
			"dev": true,
			"license": "MIT"
		}
	}
}
