{
	"name": "@joelek/ts-nexus",
	"version": "2.0.1",
	"lockfileVersion": 2,
	"requires": true,
	"packages": {
		"": {
			"name": "@joelek/ts-nexus",
			"version": "2.0.1",
			"license": "MIT",
			"dependencies": {
				"@joelek/ts-autoguard": "github:joelek/ts-autoguard#semver:^5"
			},
			"bin": {
				"nexus": "dist/cli/index.js"
			},
			"devDependencies": {
				"@types/node": "^14.17.5",
				"typescript": "^4.3.5"
			}
		},
		"node_modules/@joelek/ts-autoguard": {
			"version": "5.7.5",
			"resolved": "git+ssh://git@github.com/joelek/ts-autoguard.git#b7314a7e23bc8667cb4919a38efa4900ff6d0611",
			"integrity": "sha512-P5i+WtBYQp+VYs5Vcj6Tsj6TCvNc0FkWDSAlEWWyoZq2wulP9GoFySJmwLEbZWVXPLqN9hVXrcxM6IHlzsBM1w==",
			"license": "MIT",
			"dependencies": {
				"@joelek/ts-stdlib": "github:joelek/ts-stdlib#semver:^1"
			},
			"bin": {
				"autoguard": "dist/cli/index.js"
			}
		},
		"node_modules/@joelek/ts-stdlib": {
			"version": "1.0.2",
			"resolved": "git+ssh://git@github.com/joelek/ts-stdlib.git#f0ca2eca629f95d9acf09a72b56af6fbc28bb57f",
			"integrity": "sha512-Nhe561649jAaXYz178pzSnchYJfyG3q/9vaCymPhclghvOKGPZsJVfZaSe9VJHJHU9dGhwfesgdae/FP56BhXg==",
			"license": "MIT"
		},
		"node_modules/@types/node": {
			"version": "14.17.5",
			"resolved": "https://registry.npmjs.org/@types/node/-/node-14.17.5.tgz",
			"integrity": "sha512-bjqH2cX/O33jXT/UmReo2pM7DIJREPMnarixbQ57DOOzzFaI6D2+IcwaJQaJpv0M1E9TIhPCYVxrkcityLjlqA==",
			"dev": true
		},
		"node_modules/typescript": {
			"version": "4.3.5",
			"resolved": "https://registry.npmjs.org/typescript/-/typescript-4.3.5.tgz",
			"integrity": "sha512-DqQgihaQ9cUrskJo9kIyW/+g0Vxsk8cDtZ52a3NGh0YNTfpUSArXSohyUGnvbPazEPLu398C0UxmKSOrPumUzA==",
			"dev": true,
			"bin": {
				"tsc": "bin/tsc",
				"tsserver": "bin/tsserver"
			},
			"engines": {
				"node": ">=4.2.0"
			}
		}
	},
	"dependencies": {
		"@joelek/ts-autoguard": {
			"version": "git+ssh://git@github.com/joelek/ts-autoguard.git#b7314a7e23bc8667cb4919a38efa4900ff6d0611",
			"from": "@joelek/ts-autoguard@github:joelek/ts-autoguard#semver:^5",
			"requires": {
				"@joelek/ts-stdlib": "github:joelek/ts-stdlib#semver:^1"
			}
		},
		"@joelek/ts-stdlib": {
			"version": "git+ssh://git@github.com/joelek/ts-stdlib.git#f0ca2eca629f95d9acf09a72b56af6fbc28bb57f",
			"from": "@joelek/ts-stdlib@github:joelek/ts-stdlib#semver:^1"
		},
		"@types/node": {
			"version": "14.17.5",
			"resolved": "https://registry.npmjs.org/@types/node/-/node-14.17.5.tgz",
			"integrity": "sha512-bjqH2cX/O33jXT/UmReo2pM7DIJREPMnarixbQ57DOOzzFaI6D2+IcwaJQaJpv0M1E9TIhPCYVxrkcityLjlqA==",
			"dev": true
		},
		"typescript": {
			"version": "4.3.5",
			"resolved": "https://registry.npmjs.org/typescript/-/typescript-4.3.5.tgz",
			"integrity": "sha512-DqQgihaQ9cUrskJo9kIyW/+g0Vxsk8cDtZ52a3NGh0YNTfpUSArXSohyUGnvbPazEPLu398C0UxmKSOrPumUzA==",
			"dev": true
		}
	}
}
